// !$*UTF8*$!
{
	archiveVersion = 1;
	classes = {
	};
	objectVersion = 56;
	objects = {

/* Begin PBXBuildFile section */
		D64E54D42C3A37E800425FC3 /* AppDelegate.swift in Sources */ = {isa = PBXBuildFile; fileRef = D64E54D32C3A37E800425FC3 /* AppDelegate.swift */; };
		D64E54D62C3A37E800425FC3 /* SceneDelegate.swift in Sources */ = {isa = PBXBuildFile; fileRef = D64E54D52C3A37E800425FC3 /* SceneDelegate.swift */; };
		D64E54D82C3A37E800425FC3 /* ViewController.swift in Sources */ = {isa = PBXBuildFile; fileRef = D64E54D72C3A37E800425FC3 /* ViewController.swift */; };
		D64E54DB2C3A37E800425FC3 /* Main.storyboard in Resources */ = {isa = PBXBuildFile; fileRef = D64E54D92C3A37E800425FC3 /* Main.storyboard */; };
		D64E54DD2C3A37EA00425FC3 /* Assets.xcassets in Resources */ = {isa = PBXBuildFile; fileRef = D64E54DC2C3A37EA00425FC3 /* Assets.xcassets */; };
		D64E54E02C3A37EA00425FC3 /* LaunchScreen.storyboard in Resources */ = {isa = PBXBuildFile; fileRef = D64E54DE2C3A37EA00425FC3 /* LaunchScreen.storyboard */; };
		D64E54EB2C3A37EB00425FC3 /* CQRSTests.swift in Sources */ = {isa = PBXBuildFile; fileRef = D64E54EA2C3A37EB00425FC3 /* CQRSTests.swift */; };
		D64E54F52C3A37EB00425FC3 /* CQRSUITests.swift in Sources */ = {isa = PBXBuildFile; fileRef = D64E54F42C3A37EB00425FC3 /* CQRSUITests.swift */; };
		D64E54F72C3A37EB00425FC3 /* CQRSUITestsLaunchTests.swift in Sources */ = {isa = PBXBuildFile; fileRef = D64E54F62C3A37EB00425FC3 /* CQRSUITestsLaunchTests.swift */; };
/* End PBXBuildFile section */

/* Begin PBXContainerItemProxy section */
		D64E54E72C3A37EB00425FC3 /* PBXContainerItemProxy */ = {
			isa = PBXContainerItemProxy;
			containerPortal = D64E54C82C3A37E800425FC3 /* Project object */;
			proxyType = 1;
			remoteGlobalIDString = D64E54CF2C3A37E800425FC3;
			remoteInfo = CQRS;
		};
		D64E54F12C3A37EB00425FC3 /* PBXContainerItemProxy */ = {
			isa = PBXContainerItemProxy;
			containerPortal = D64E54C82C3A37E800425FC3 /* Project object */;
			proxyType = 1;
			remoteGlobalIDString = D64E54CF2C3A37E800425FC3;
			remoteInfo = CQRS;
		};
/* End PBXContainerItemProxy section */

/* Begin PBXFileReference section */
		D64E54D02C3A37E800425FC3 /* CQRS.app */ = {isa = PBXFileReference; explicitFileType = wrapper.application; includeInIndex = 0; path = CQRS.app; sourceTree = BUILT_PRODUCTS_DIR; };
		D64E54D32C3A37E800425FC3 /* AppDelegate.swift */ = {isa = PBXFileReference; lastKnownFileType = sourcecode.swift; path = AppDelegate.swift; sourceTree = "<group>"; };
		D64E54D52C3A37E800425FC3 /* SceneDelegate.swift */ = {isa = PBXFileReference; lastKnownFileType = sourcecode.swift; path = SceneDelegate.swift; sourceTree = "<group>"; };
		D64E54D72C3A37E800425FC3 /* ViewController.swift */ = {isa = PBXFileReference; lastKnownFileType = sourcecode.swift; path = ViewController.swift; sourceTree = "<group>"; };
		D64E54DA2C3A37E800425FC3 /* Base */ = {isa = PBXFileReference; lastKnownFileType = file.storyboard; name = Base; path = Base.lproj/Main.storyboard; sourceTree = "<group>"; };
		D64E54DC2C3A37EA00425FC3 /* Assets.xcassets */ = {isa = PBXFileReference; lastKnownFileType = folder.assetcatalog; path = Assets.xcassets; sourceTree = "<group>"; };
		D64E54DF2C3A37EA00425FC3 /* Base */ = {isa = PBXFileReference; lastKnownFileType = file.storyboard; name = Base; path = Base.lproj/LaunchScreen.storyboard; sourceTree = "<group>"; };
		D64E54E12C3A37EA00425FC3 /* Info.plist */ = {isa = PBXFileReference; lastKnownFileType = text.plist.xml; path = Info.plist; sourceTree = "<group>"; };
		D64E54E62C3A37EB00425FC3 /* CQRSTests.xctest */ = {isa = PBXFileReference; explicitFileType = wrapper.cfbundle; includeInIndex = 0; path = CQRSTests.xctest; sourceTree = BUILT_PRODUCTS_DIR; };
		D64E54EA2C3A37EB00425FC3 /* CQRSTests.swift */ = {isa = PBXFileReference; lastKnownFileType = sourcecode.swift; path = CQRSTests.swift; sourceTree = "<group>"; };
		D64E54F02C3A37EB00425FC3 /* CQRSUITests.xctest */ = {isa = PBXFileReference; explicitFileType = wrapper.cfbundle; includeInIndex = 0; path = CQRSUITests.xctest; sourceTree = BUILT_PRODUCTS_DIR; };
		D64E54F42C3A37EB00425FC3 /* CQRSUITests.swift */ = {isa = PBXFileReference; lastKnownFileType = sourcecode.swift; path = CQRSUITests.swift; sourceTree = "<group>"; };
		D64E54F62C3A37EB00425FC3 /* CQRSUITestsLaunchTests.swift */ = {isa = PBXFileReference; lastKnownFileType = sourcecode.swift; path = CQRSUITestsLaunchTests.swift; sourceTree = "<group>"; };
/* End PBXFileReference section */

/* Begin PBXFrameworksBuildPhase section */
		D64E54CD2C3A37E800425FC3 /* Frameworks */ = {
			isa = PBXFrameworksBuildPhase;
			buildActionMask = 2147483647;
			files = (
			);
			runOnlyForDeploymentPostprocessing = 0;
		};
		D64E54E32C3A37EB00425FC3 /* Frameworks */ = {
			isa = PBXFrameworksBuildPhase;
			buildActionMask = 2147483647;
			files = (
			);
			runOnlyForDeploymentPostprocessing = 0;
		};
		D64E54ED2C3A37EB00425FC3 /* Frameworks */ = {
			isa = PBXFrameworksBuildPhase;
			buildActionMask = 2147483647;
			files = (
			);
			runOnlyForDeploymentPostprocessing = 0;
		};
/* End PBXFrameworksBuildPhase section */

/* Begin PBXGroup section */
		D64E54C72C3A37E800425FC3 = {
			isa = PBXGroup;
			children = (
				D64E54D22C3A37E800425FC3 /* CQRS */,
				D64E54E92C3A37EB00425FC3 /* CQRSTests */,
				D64E54F32C3A37EB00425FC3 /* CQRSUITests */,
				D64E54D12C3A37E800425FC3 /* Products */,
			);
			sourceTree = "<group>";
		};
		D64E54D12C3A37E800425FC3 /* Products */ = {
			isa = PBXGroup;
			children = (
				D64E54D02C3A37E800425FC3 /* CQRS.app */,
				D64E54E62C3A37EB00425FC3 /* CQRSTests.xctest */,
				D64E54F02C3A37EB00425FC3 /* CQRSUITests.xctest */,
			);
			name = Products;
			sourceTree = "<group>";
		};
		D64E54D22C3A37E800425FC3 /* CQRS */ = {
			isa = PBXGroup;
			children = (
				D64E54D32C3A37E800425FC3 /* AppDelegate.swift */,
				D64E54D52C3A37E800425FC3 /* SceneDelegate.swift */,
				D64E54D72C3A37E800425FC3 /* ViewController.swift */,
				D64E54D92C3A37E800425FC3 /* Main.storyboard */,
				D64E54DC2C3A37EA00425FC3 /* Assets.xcassets */,
				D64E54DE2C3A37EA00425FC3 /* LaunchScreen.storyboard */,
				D64E54E12C3A37EA00425FC3 /* Info.plist */,
			);
			path = CQRS;
			sourceTree = "<group>";
		};
		D64E54E92C3A37EB00425FC3 /* CQRSTests */ = {
			isa = PBXGroup;
			children = (
				D64E54EA2C3A37EB00425FC3 /* CQRSTests.swift */,
			);
			path = CQRSTests;
			sourceTree = "<group>";
		};
		D64E54F32C3A37EB00425FC3 /* CQRSUITests */ = {
			isa = PBXGroup;
			children = (
				D64E54F42C3A37EB00425FC3 /* CQRSUITests.swift */,
				D64E54F62C3A37EB00425FC3 /* CQRSUITestsLaunchTests.swift */,
			);
			path = CQRSUITests;
			sourceTree = "<group>";
		};
/* End PBXGroup section */

/* Begin PBXNativeTarget section */
		D64E54CF2C3A37E800425FC3 /* CQRS */ = {
			isa = PBXNativeTarget;
			buildConfigurationList = D64E54FA2C3A37EB00425FC3 /* Build configuration list for PBXNativeTarget "CQRS" */;
			buildPhases = (
				D64E54CC2C3A37E800425FC3 /* Sources */,
				D64E54CD2C3A37E800425FC3 /* Frameworks */,
				D64E54CE2C3A37E800425FC3 /* Resources */,
			);
			buildRules = (
			);
			dependencies = (
			);
			name = CQRS;
			productName = CQRS;
			productReference = D64E54D02C3A37E800425FC3 /* CQRS.app */;
			productType = "com.apple.product-type.application";
		};
		D64E54E52C3A37EB00425FC3 /* CQRSTests */ = {
			isa = PBXNativeTarget;
			buildConfigurationList = D64E54FD2C3A37EB00425FC3 /* Build configuration list for PBXNativeTarget "CQRSTests" */;
			buildPhases = (
				D64E54E22C3A37EB00425FC3 /* Sources */,
				D64E54E32C3A37EB00425FC3 /* Frameworks */,
				D64E54E42C3A37EB00425FC3 /* Resources */,
			);
			buildRules = (
			);
			dependencies = (
				D64E54E82C3A37EB00425FC3 /* PBXTargetDependency */,
			);
			name = CQRSTests;
			productName = CQRSTests;
			productReference = D64E54E62C3A37EB00425FC3 /* CQRSTests.xctest */;
			productType = "com.apple.product-type.bundle.unit-test";
		};
		D64E54EF2C3A37EB00425FC3 /* CQRSUITests */ = {
			isa = PBXNativeTarget;
			buildConfigurationList = D64E55002C3A37EB00425FC3 /* Build configuration list for PBXNativeTarget "CQRSUITests" */;
			buildPhases = (
				D64E54EC2C3A37EB00425FC3 /* Sources */,
				D64E54ED2C3A37EB00425FC3 /* Frameworks */,
				D64E54EE2C3A37EB00425FC3 /* Resources */,
			);
			buildRules = (
			);
			dependencies = (
				D64E54F22C3A37EB00425FC3 /* PBXTargetDependency */,
			);
			name = CQRSUITests;
			productName = CQRSUITests;
			productReference = D64E54F02C3A37EB00425FC3 /* CQRSUITests.xctest */;
			productType = "com.apple.product-type.bundle.ui-testing";
		};
/* End PBXNativeTarget section */

/* Begin PBXProject section */
		D64E54C82C3A37E800425FC3 /* Project object */ = {
			isa = PBXProject;
			attributes = {
				BuildIndependentTargetsInParallel = 1;
				LastSwiftUpdateCheck = 1510;
				LastUpgradeCheck = 1510;
				TargetAttributes = {
					D64E54CF2C3A37E800425FC3 = {
						CreatedOnToolsVersion = 15.1;
					};
					D64E54E52C3A37EB00425FC3 = {
						CreatedOnToolsVersion = 15.1;
						TestTargetID = D64E54CF2C3A37E800425FC3;
					};
					D64E54EF2C3A37EB00425FC3 = {
						CreatedOnToolsVersion = 15.1;
						TestTargetID = D64E54CF2C3A37E800425FC3;
					};
				};
			};
			buildConfigurationList = D64E54CB2C3A37E800425FC3 /* Build configuration list for PBXProject "CQRS" */;
			compatibilityVersion = "Xcode 14.0";
			developmentRegion = en;
			hasScannedForEncodings = 0;
			knownRegions = (
				en,
				Base,
			);
			mainGroup = D64E54C72C3A37E800425FC3;
			productRefGroup = D64E54D12C3A37E800425FC3 /* Products */;
			projectDirPath = "";
			projectRoot = "";
			targets = (
				D64E54CF2C3A37E800425FC3 /* CQRS */,
				D64E54E52C3A37EB00425FC3 /* CQRSTests */,
				D64E54EF2C3A37EB00425FC3 /* CQRSUITests */,
			);
		};
/* End PBXProject section */

/* Begin PBXResourcesBuildPhase section */
		D64E54CE2C3A37E800425FC3 /* Resources */ = {
			isa = PBXResourcesBuildPhase;
			buildActionMask = 2147483647;
			files = (
				D64E54E02C3A37EA00425FC3 /* LaunchScreen.storyboard in Resources */,
				D64E54DD2C3A37EA00425FC3 /* Assets.xcassets in Resources */,
				D64E54DB2C3A37E800425FC3 /* Main.storyboard in Resources */,
			);
			runOnlyForDeploymentPostprocessing = 0;
		};
		D64E54E42C3A37EB00425FC3 /* Resources */ = {
			isa = PBXResourcesBuildPhase;
			buildActionMask = 2147483647;
			files = (
			);
			runOnlyForDeploymentPostprocessing = 0;
		};
		D64E54EE2C3A37EB00425FC3 /* Resources */ = {
			isa = PBXResourcesBuildPhase;
			buildActionMask = 2147483647;
			files = (
			);
			runOnlyForDeploymentPostprocessing = 0;
		};
/* End PBXResourcesBuildPhase section */

/* Begin PBXSourcesBuildPhase section */
		D64E54CC2C3A37E800425FC3 /* Sources */ = {
			isa = PBXSourcesBuildPhase;
			buildActionMask = 2147483647;
			files = (
				D64E54D82C3A37E800425FC3 /* ViewController.swift in Sources */,
				D64E54D42C3A37E800425FC3 /* AppDelegate.swift in Sources */,
				D64E54D62C3A37E800425FC3 /* SceneDelegate.swift in Sources */,
			);
			runOnlyForDeploymentPostprocessing = 0;
		};
		D64E54E22C3A37EB00425FC3 /* Sources */ = {
			isa = PBXSourcesBuildPhase;
			buildActionMask = 2147483647;
			files = (
				D64E54EB2C3A37EB00425FC3 /* CQRSTests.swift in Sources */,
			);
			runOnlyForDeploymentPostprocessing = 0;
		};
		D64E54EC2C3A37EB00425FC3 /* Sources */ = {
			isa = PBXSourcesBuildPhase;
			buildActionMask = 2147483647;
			files = (
				D64E54F52C3A37EB00425FC3 /* CQRSUITests.swift in Sources */,
				D64E54F72C3A37EB00425FC3 /* CQRSUITestsLaunchTests.swift in Sources */,
			);
			runOnlyForDeploymentPostprocessing = 0;
		};
/* End PBXSourcesBuildPhase section */

/* Begin PBXTargetDependency section */
		D64E54E82C3A37EB00425FC3 /* PBXTargetDependency */ = {
			isa = PBXTargetDependency;
			target = D64E54CF2C3A37E800425FC3 /* CQRS */;
			targetProxy = D64E54E72C3A37EB00425FC3 /* PBXContainerItemProxy */;
		};
		D64E54F22C3A37EB00425FC3 /* PBXTargetDependency */ = {
			isa = PBXTargetDependency;
			target = D64E54CF2C3A37E800425FC3 /* CQRS */;
			targetProxy = D64E54F12C3A37EB00425FC3 /* PBXContainerItemProxy */;
		};
/* End PBXTargetDependency section */

/* Begin PBXVariantGroup section */
		D64E54D92C3A37E800425FC3 /* Main.storyboard */ = {
			isa = PBXVariantGroup;
			children = (
				D64E54DA2C3A37E800425FC3 /* Base */,
			);
			name = Main.storyboard;
			sourceTree = "<group>";
		};
		D64E54DE2C3A37EA00425FC3 /* LaunchScreen.storyboard */ = {
			isa = PBXVariantGroup;
			children = (
				D64E54DF2C3A37EA00425FC3 /* Base */,
			);
			name = LaunchScreen.storyboard;
			sourceTree = "<group>";
		};
/* End PBXVariantGroup section */

/* Begin XCBuildConfiguration section */
		D64E54F82C3A37EB00425FC3 /* Debug */ = {
			isa = XCBuildConfiguration;
			buildSettings = {
				ALWAYS_SEARCH_USER_PATHS = NO;
				ASSETCATALOG_COMPILER_GENERATE_SWIFT_ASSET_SYMBOL_EXTENSIONS = YES;
				CLANG_ANALYZER_NONNULL = YES;
				CLANG_ANALYZER_NUMBER_OBJECT_CONVERSION = YES_AGGRESSIVE;
				CLANG_CXX_LANGUAGE_STANDARD = "gnu++20";
				CLANG_ENABLE_MODULES = YES;
				CLANG_ENABLE_OBJC_ARC = YES;
				CLANG_ENABLE_OBJC_WEAK = YES;
				CLANG_WARN_BLOCK_CAPTURE_AUTORELEASING = YES;
				CLANG_WARN_BOOL_CONVERSION = YES;
				CLANG_WARN_COMMA = YES;
				CLANG_WARN_CONSTANT_CONVERSION = YES;
				CLANG_WARN_DEPRECATED_OBJC_IMPLEMENTATIONS = YES;
				CLANG_WARN_DIRECT_OBJC_ISA_USAGE = YES_ERROR;
				CLANG_WARN_DOCUMENTATION_COMMENTS = YES;
				CLANG_WARN_EMPTY_BODY = YES;
				CLANG_WARN_ENUM_CONVERSION = YES;
				CLANG_WARN_INFINITE_RECURSION = YES;
				CLANG_WARN_INT_CONVERSION = YES;
				CLANG_WARN_NON_LITERAL_NULL_CONVERSION = YES;
				CLANG_WARN_OBJC_IMPLICIT_RETAIN_SELF = YES;
				CLANG_WARN_OBJC_LITERAL_CONVERSION = YES;
				CLANG_WARN_OBJC_ROOT_CLASS = YES_ERROR;
				CLANG_WARN_QUOTED_INCLUDE_IN_FRAMEWORK_HEADER = YES;
				CLANG_WARN_RANGE_LOOP_ANALYSIS = YES;
				CLANG_WARN_STRICT_PROTOTYPES = YES;
				CLANG_WARN_SUSPICIOUS_MOVE = YES;
				CLANG_WARN_UNGUARDED_AVAILABILITY = YES_AGGRESSIVE;
				CLANG_WARN_UNREACHABLE_CODE = YES;
				CLANG_WARN__DUPLICATE_METHOD_MATCH = YES;
				COPY_PHASE_STRIP = NO;
				DEBUG_INFORMATION_FORMAT = dwarf;
				ENABLE_STRICT_OBJC_MSGSEND = YES;
				ENABLE_TESTABILITY = YES;
				ENABLE_USER_SCRIPT_SANDBOXING = YES;
				GCC_C_LANGUAGE_STANDARD = gnu17;
				GCC_DYNAMIC_NO_PIC = NO;
				GCC_NO_COMMON_BLOCKS = YES;
				GCC_OPTIMIZATION_LEVEL = 0;
				GCC_PREPROCESSOR_DEFINITIONS = (
					"DEBUG=1",
					"$(inherited)",
				);
				GCC_WARN_64_TO_32_BIT_CONVERSION = YES;
				GCC_WARN_ABOUT_RETURN_TYPE = YES_ERROR;
				GCC_WARN_UNDECLARED_SELECTOR = YES;
				GCC_WARN_UNINITIALIZED_AUTOS = YES_AGGRESSIVE;
				GCC_WARN_UNUSED_FUNCTION = YES;
				GCC_WARN_UNUSED_VARIABLE = YES;
				IPHONEOS_DEPLOYMENT_TARGET = 17.2;
				LOCALIZATION_PREFERS_STRING_CATALOGS = YES;
				MTL_ENABLE_DEBUG_INFO = INCLUDE_SOURCE;
				MTL_FAST_MATH = YES;
				ONLY_ACTIVE_ARCH = YES;
				SDKROOT = iphoneos;
				SWIFT_ACTIVE_COMPILATION_CONDITIONS = "DEBUG $(inherited)";
				SWIFT_OPTIMIZATION_LEVEL = "-Onone";
			};
			name = Debug;
		};
		D64E54F92C3A37EB00425FC3 /* Release */ = {
			isa = XCBuildConfiguration;
			buildSettings = {
				ALWAYS_SEARCH_USER_PATHS = NO;
				ASSETCATALOG_COMPILER_GENERATE_SWIFT_ASSET_SYMBOL_EXTENSIONS = YES;
				CLANG_ANALYZER_NONNULL = YES;
				CLANG_ANALYZER_NUMBER_OBJECT_CONVERSION = YES_AGGRESSIVE;
				CLANG_CXX_LANGUAGE_STANDARD = "gnu++20";
				CLANG_ENABLE_MODULES = YES;
				CLANG_ENABLE_OBJC_ARC = YES;
				CLANG_ENABLE_OBJC_WEAK = YES;
				CLANG_WARN_BLOCK_CAPTURE_AUTORELEASING = YES;
				CLANG_WARN_BOOL_CONVERSION = YES;
				CLANG_WARN_COMMA = YES;
				CLANG_WARN_CONSTANT_CONVERSION = YES;
				CLANG_WARN_DEPRECATED_OBJC_IMPLEMENTATIONS = YES;
				CLANG_WARN_DIRECT_OBJC_ISA_USAGE = YES_ERROR;
				CLANG_WARN_DOCUMENTATION_COMMENTS = YES;
				CLANG_WARN_EMPTY_BODY = YES;
				CLANG_WARN_ENUM_CONVERSION = YES;
				CLANG_WARN_INFINITE_RECURSION = YES;
				CLANG_WARN_INT_CONVERSION = YES;
				CLANG_WARN_NON_LITERAL_NULL_CONVERSION = YES;
				CLANG_WARN_OBJC_IMPLICIT_RETAIN_SELF = YES;
				CLANG_WARN_OBJC_LITERAL_CONVERSION = YES;
				CLANG_WARN_OBJC_ROOT_CLASS = YES_ERROR;
				CLANG_WARN_QUOTED_INCLUDE_IN_FRAMEWORK_HEADER = YES;
				CLANG_WARN_RANGE_LOOP_ANALYSIS = YES;
				CLANG_WARN_STRICT_PROTOTYPES = YES;
				CLANG_WARN_SUSPICIOUS_MOVE = YES;
				CLANG_WARN_UNGUARDED_AVAILABILITY = YES_AGGRESSIVE;
				CLANG_WARN_UNREACHABLE_CODE = YES;
				CLANG_WARN__DUPLICATE_METHOD_MATCH = YES;
				COPY_PHASE_STRIP = NO;
				DEBUG_INFORMATION_FORMAT = "dwarf-with-dsym";
				ENABLE_NS_ASSERTIONS = NO;
				ENABLE_STRICT_OBJC_MSGSEND = YES;
				ENABLE_USER_SCRIPT_SANDBOXING = YES;
				GCC_C_LANGUAGE_STANDARD = gnu17;
				GCC_NO_COMMON_BLOCKS = YES;
				GCC_WARN_64_TO_32_BIT_CONVERSION = YES;
				GCC_WARN_ABOUT_RETURN_TYPE = YES_ERROR;
				GCC_WARN_UNDECLARED_SELECTOR = YES;
				GCC_WARN_UNINITIALIZED_AUTOS = YES_AGGRESSIVE;
				GCC_WARN_UNUSED_FUNCTION = YES;
				GCC_WARN_UNUSED_VARIABLE = YES;
				IPHONEOS_DEPLOYMENT_TARGET = 17.2;
				LOCALIZATION_PREFERS_STRING_CATALOGS = YES;
				MTL_ENABLE_DEBUG_INFO = NO;
				MTL_FAST_MATH = YES;
				SDKROOT = iphoneos;
				SWIFT_COMPILATION_MODE = wholemodule;
				VALIDATE_PRODUCT = YES;
			};
			name = Release;
		};
		D64E54FB2C3A37EB00425FC3 /* Debug */ = {
			isa = XCBuildConfiguration;
			buildSettings = {
				ASSETCATALOG_COMPILER_APPICON_NAME = AppIcon;
				ASSETCATALOG_COMPILER_GLOBAL_ACCENT_COLOR_NAME = AccentColor;
				CODE_SIGN_STYLE = Automatic;
				CURRENT_PROJECT_VERSION = 1;
				DEVELOPMENT_TEAM = APSMCMUQ5X;
				GENERATE_INFOPLIST_FILE = YES;
				INFOPLIST_FILE = CQRS/Info.plist;
				INFOPLIST_KEY_UIApplicationSupportsIndirectInputEvents = YES;
				INFOPLIST_KEY_UILaunchStoryboardName = LaunchScreen;
				INFOPLIST_KEY_UIMainStoryboardFile = Main;
				INFOPLIST_KEY_UISupportedInterfaceOrientations_iPad = "UIInterfaceOrientationPortrait UIInterfaceOrientationPortraitUpsideDown UIInterfaceOrientationLandscapeLeft UIInterfaceOrientationLandscapeRight";
				INFOPLIST_KEY_UISupportedInterfaceOrientations_iPhone = "UIInterfaceOrientationPortrait UIInterfaceOrientationLandscapeLeft UIInterfaceOrientationLandscapeRight";
				LD_RUNPATH_SEARCH_PATHS = (
					"$(inherited)",
					"@executable_path/Frameworks",
				);
				MARKETING_VERSION = 1.0;
				PRODUCT_BUNDLE_IDENTIFIER = default.CQRS;
				PRODUCT_NAME = "$(TARGET_NAME)";
				SWIFT_EMIT_LOC_STRINGS = YES;
				SWIFT_VERSION = 5.0;
				TARGETED_DEVICE_FAMILY = "1,2";
			};
			name = Debug;
		};
		D64E54FC2C3A37EB00425FC3 /* Release */ = {
			isa = XCBuildConfiguration;
			buildSettings = {
				ASSETCATALOG_COMPILER_APPICON_NAME = AppIcon;
				ASSETCATALOG_COMPILER_GLOBAL_ACCENT_COLOR_NAME = AccentColor;
				CODE_SIGN_STYLE = Automatic;
				CURRENT_PROJECT_VERSION = 1;
				DEVELOPMENT_TEAM = APSMCMUQ5X;
				GENERATE_INFOPLIST_FILE = YES;
				INFOPLIST_FILE = CQRS/Info.plist;
				INFOPLIST_KEY_UIApplicationSupportsIndirectInputEvents = YES;
				INFOPLIST_KEY_UILaunchStoryboardName = LaunchScreen;
				INFOPLIST_KEY_UIMainStoryboardFile = Main;
				INFOPLIST_KEY_UISupportedInterfaceOrientations_iPad = "UIInterfaceOrientationPortrait UIInterfaceOrientationPortraitUpsideDown UIInterfaceOrientationLandscapeLeft UIInterfaceOrientationLandscapeRight";
				INFOPLIST_KEY_UISupportedInterfaceOrientations_iPhone = "UIInterfaceOrientationPortrait UIInterfaceOrientationLandscapeLeft UIInterfaceOrientationLandscapeRight";
				LD_RUNPATH_SEARCH_PATHS = (
					"$(inherited)",
					"@executable_path/Frameworks",
				);
				MARKETING_VERSION = 1.0;
				PRODUCT_BUNDLE_IDENTIFIER = default.CQRS;
				PRODUCT_NAME = "$(TARGET_NAME)";
				SWIFT_EMIT_LOC_STRINGS = YES;
				SWIFT_VERSION = 5.0;
				TARGETED_DEVICE_FAMILY = "1,2";
			};
			name = Release;
		};
		D64E54FE2C3A37EB00425FC3 /* Debug */ = {
			isa = XCBuildConfiguration;
			buildSettings = {
				ALWAYS_EMBED_SWIFT_STANDARD_LIBRARIES = YES;
				BUNDLE_LOADER = "$(TEST_HOST)";
				CODE_SIGN_STYLE = Automatic;
				CURRENT_PROJECT_VERSION = 1;
				DEVELOPMENT_TEAM = APSMCMUQ5X;
				GENERATE_INFOPLIST_FILE = YES;
				IPHONEOS_DEPLOYMENT_TARGET = 17.2;
				MARKETING_VERSION = 1.0;
				PRODUCT_BUNDLE_IDENTIFIER = default.CQRSTests;
				PRODUCT_NAME = "$(TARGET_NAME)";
				SWIFT_EMIT_LOC_STRINGS = NO;
				SWIFT_VERSION = 5.0;
				TARGETED_DEVICE_FAMILY = "1,2";
				TEST_HOST = "$(BUILT_PRODUCTS_DIR)/CQRS.app/$(BUNDLE_EXECUTABLE_FOLDER_PATH)/CQRS";
			};
			name = Debug;
		};
		D64E54FF2C3A37EB00425FC3 /* Release */ = {
			isa = XCBuildConfiguration;
			buildSettings = {
				ALWAYS_EMBED_SWIFT_STANDARD_LIBRARIES = YES;
				BUNDLE_LOADER = "$(TEST_HOST)";
				CODE_SIGN_STYLE = Automatic;
				CURRENT_PROJECT_VERSION = 1;
				DEVELOPMENT_TEAM = APSMCMUQ5X;
				GENERATE_INFOPLIST_FILE = YES;
				IPHONEOS_DEPLOYMENT_TARGET = 17.2;
				MARKETING_VERSION = 1.0;
				PRODUCT_BUNDLE_IDENTIFIER = default.CQRSTests;
				PRODUCT_NAME = "$(TARGET_NAME)";
				SWIFT_EMIT_LOC_STRINGS = NO;
				SWIFT_VERSION = 5.0;
				TARGETED_DEVICE_FAMILY = "1,2";
				TEST_HOST = "$(BUILT_PRODUCTS_DIR)/CQRS.app/$(BUNDLE_EXECUTABLE_FOLDER_PATH)/CQRS";
			};
			name = Release;
		};
		D64E55012C3A37EB00425FC3 /* Debug */ = {
			isa = XCBuildConfiguration;
			buildSettings = {
				ALWAYS_EMBED_SWIFT_STANDARD_LIBRARIES = YES;
				CODE_SIGN_STYLE = Automatic;
				CURRENT_PROJECT_VERSION = 1;
				DEVELOPMENT_TEAM = APSMCMUQ5X;
				GENERATE_INFOPLIST_FILE = YES;
				MARKETING_VERSION = 1.0;
				PRODUCT_BUNDLE_IDENTIFIER = default.CQRSUITests;
				PRODUCT_NAME = "$(TARGET_NAME)";
				SWIFT_EMIT_LOC_STRINGS = NO;
				SWIFT_VERSION = 5.0;
				TARGETED_DEVICE_FAMILY = "1,2";
				TEST_TARGET_NAME = CQRS;
			};
			name = Debug;
		};
		D64E55022C3A37EB00425FC3 /* Release */ = {
			isa = XCBuildConfiguration;
			buildSettings = {
				ALWAYS_EMBED_SWIFT_STANDARD_LIBRARIES = YES;
				CODE_SIGN_STYLE = Automatic;
				CURRENT_PROJECT_VERSION = 1;
				DEVELOPMENT_TEAM = APSMCMUQ5X;
				GENERATE_INFOPLIST_FILE = YES;
				MARKETING_VERSION = 1.0;
				PRODUCT_BUNDLE_IDENTIFIER = default.CQRSUITests;
				PRODUCT_NAME = "$(TARGET_NAME)";
				SWIFT_EMIT_LOC_STRINGS = NO;
				SWIFT_VERSION = 5.0;
				TARGETED_DEVICE_FAMILY = "1,2";
				TEST_TARGET_NAME = CQRS;
			};
			name = Release;
		};
/* End XCBuildConfiguration section */

/* Begin XCConfigurationList section */
		D64E54CB2C3A37E800425FC3 /* Build configuration list for PBXProject "CQRS" */ = {
			isa = XCConfigurationList;
			buildConfigurations = (
				D64E54F82C3A37EB00425FC3 /* Debug */,
				D64E54F92C3A37EB00425FC3 /* Release */,
			);
			defaultConfigurationIsVisible = 0;
			defaultConfigurationName = Release;
		};
		D64E54FA2C3A37EB00425FC3 /* Build configuration list for PBXNativeTarget "CQRS" */ = {
			isa = XCConfigurationList;
			buildConfigurations = (
				D64E54FB2C3A37EB00425FC3 /* Debug */,
				D64E54FC2C3A37EB00425FC3 /* Release */,
			);
			defaultConfigurationIsVisible = 0;
			defaultConfigurationName = Release;
		};
		D64E54FD2C3A37EB00425FC3 /* Build configuration list for PBXNativeTarget "CQRSTests" */ = {
			isa = XCConfigurationList;
			buildConfigurations = (
				D64E54FE2C3A37EB00425FC3 /* Debug */,
				D64E54FF2C3A37EB00425FC3 /* Release */,
			);
			defaultConfigurationIsVisible = 0;
			defaultConfigurationName = Release;
		};
		D64E55002C3A37EB00425FC3 /* Build configuration list for PBXNativeTarget "CQRSUITests" */ = {
			isa = XCConfigurationList;
			buildConfigurations = (
				D64E55012C3A37EB00425FC3 /* Debug */,
				D64E55022C3A37EB00425FC3 /* Release */,
			);
			defaultConfigurationIsVisible = 0;
			defaultConfigurationName = Release;
		};
/* End XCConfigurationList section */
	};
	rootObject = D64E54C82C3A37E800425FC3 /* Project object */;
}
